
Microsoft Visual Studio Solution File, Format Version 12.00
# Visual Studio Version 17
VisualStudioVersion = 17.11.35327.3
MinimumVisualStudioVersion = 10.0.40219.1
Project("{FAE04EC0-301F-11D3-BF4B-00C04F79EFBC}") = "OrderAutomation", "OrderAutomation.csproj", "{954EED69-1B4B-4406-99B7-5700B61CFBA3}"
EndProject
Global
	GlobalSection(SolutionConfigurationPlatforms) = preSolution
		Debug|Any CPU = Debug|Any CPU
		Release|Any CPU = Release|Any CPU
	EndGlobalSection
	GlobalSection(ProjectConfigurationPlatforms) = postSolution
		{954EED69-1B4B-4406-99B7-5700B61CFBA3}.Debug|Any CPU.ActiveCfg = Debug|Any CPU
		{954EED69-1B4B-4406-99B7-5700B61CFBA3}.Debug|Any CPU.Build.0 = Debug|Any CPU
		{954EED69-1B4B-4406-99B7-5700B61CFBA3}.Release|Any CPU.ActiveCfg = Release|Any CPU
		{954EED69-1B4B-4406-99B7-5700B61CFBA3}.Release|Any CPU.Build.0 = Release|Any CPU
	EndGlobalSection
	GlobalSection(SolutionProperties) = preSolution
		HideSolutionNode = FALSE
	EndGlobalSection
	GlobalSection(ExtensibilityGlobals) = postSolution
		SolutionGuid = {65FF1B3D-9DC0-472A-BA8B-42DAD6C5898F}
	EndGlobalSection
EndGlobal
